
Microsoft Visual Studio Solution File, Format Version 12.00
# Visual Studio 15
VisualStudioVersion = 15.0.26124.0
MinimumVisualStudioVersion = 15.0.26124.0
Project("{2150E333-8FDC-42A3-9474-1A3956D46DE8}") = "src", "src", "{58302259-25A7-4FD3-8653-4A2D3747C1B7}"
EndProject
Project("{FAE04EC0-301F-11D3-BF4B-00C04F79EFBC}") = "rovers", "src\rovers\rovers.csproj", "{1F5FED51-CF0D-45BD-BB85-A9AA7A3192CD}"
EndProject
Project("{2150E333-8FDC-42A3-9474-1A3956D46DE8}") = "test", "test", "{CB6B4FE0-92A0-4EF0-A60B-88B62168CA44}"
EndProject
Project("{FAE04EC0-301F-11D3-BF4B-00C04F79EFBC}") = "rovers.tests", "test\rovers.tests\rovers.tests.csproj", "{013FF5FB-5001-474B-9E90-B260A163358D}"
EndProject
Project("{FAE04EC0-301F-11D3-BF4B-00C04F79EFBC}") = "scheduler", "src\scheduler\scheduler.csproj", "{624BAE77-2400-4B0A-B050-A08374754089}"
EndProject
Global
	GlobalSection(SolutionConfigurationPlatforms) = preSolution
		Debug|Any CPU = Debug|Any CPU
		Debug|x64 = Debug|x64
		Debug|x86 = Debug|x86
		Release|Any CPU = Release|Any CPU
		Release|x64 = Release|x64
		Release|x86 = Release|x86
	EndGlobalSection
	GlobalSection(SolutionProperties) = preSolution
		HideSolutionNode = FALSE
	EndGlobalSection
	GlobalSection(ProjectConfigurationPlatforms) = postSolution
		{1F5FED51-CF0D-45BD-BB85-A9AA7A3192CD}.Debug|Any CPU.ActiveCfg = Debug|Any CPU
		{1F5FED51-CF0D-45BD-BB85-A9AA7A3192CD}.Debug|Any CPU.Build.0 = Debug|Any CPU
		{1F5FED51-CF0D-45BD-BB85-A9AA7A3192CD}.Debug|x64.ActiveCfg = Debug|Any CPU
		{1F5FED51-CF0D-45BD-BB85-A9AA7A3192CD}.Debug|x64.Build.0 = Debug|Any CPU
		{1F5FED51-CF0D-45BD-BB85-A9AA7A3192CD}.Debug|x86.ActiveCfg = Debug|Any CPU
		{1F5FED51-CF0D-45BD-BB85-A9AA7A3192CD}.Debug|x86.Build.0 = Debug|Any CPU
		{1F5FED51-CF0D-45BD-BB85-A9AA7A3192CD}.Release|Any CPU.ActiveCfg = Release|Any CPU
		{1F5FED51-CF0D-45BD-BB85-A9AA7A3192CD}.Release|Any CPU.Build.0 = Release|Any CPU
		{1F5FED51-CF0D-45BD-BB85-A9AA7A3192CD}.Release|x64.ActiveCfg = Release|Any CPU
		{1F5FED51-CF0D-45BD-BB85-A9AA7A3192CD}.Release|x64.Build.0 = Release|Any CPU
		{1F5FED51-CF0D-45BD-BB85-A9AA7A3192CD}.Release|x86.ActiveCfg = Release|Any CPU
		{1F5FED51-CF0D-45BD-BB85-A9AA7A3192CD}.Release|x86.Build.0 = Release|Any CPU
		{013FF5FB-5001-474B-9E90-B260A163358D}.Debug|Any CPU.ActiveCfg = Debug|Any CPU
		{013FF5FB-5001-474B-9E90-B260A163358D}.Debug|Any CPU.Build.0 = Debug|Any CPU
		{013FF5FB-5001-474B-9E90-B260A163358D}.Debug|x64.ActiveCfg = Debug|Any CPU
		{013FF5FB-5001-474B-9E90-B260A163358D}.Debug|x64.Build.0 = Debug|Any CPU
		{013FF5FB-5001-474B-9E90-B260A163358D}.Debug|x86.ActiveCfg = Debug|Any CPU
		{013FF5FB-5001-474B-9E90-B260A163358D}.Debug|x86.Build.0 = Debug|Any CPU
		{013FF5FB-5001-474B-9E90-B260A163358D}.Release|Any CPU.ActiveCfg = Release|Any CPU
		{013FF5FB-5001-474B-9E90-B260A163358D}.Release|Any CPU.Build.0 = Release|Any CPU
		{013FF5FB-5001-474B-9E90-B260A163358D}.Release|x64.ActiveCfg = Release|Any CPU
		{013FF5FB-5001-474B-9E90-B260A163358D}.Release|x64.Build.0 = Release|Any CPU
		{013FF5FB-5001-474B-9E90-B260A163358D}.Release|x86.ActiveCfg = Release|Any CPU
		{013FF5FB-5001-474B-9E90-B260A163358D}.Release|x86.Build.0 = Release|Any CPU
		{624BAE77-2400-4B0A-B050-A08374754089}.Debug|Any CPU.ActiveCfg = Debug|Any CPU
		{624BAE77-2400-4B0A-B050-A08374754089}.Debug|Any CPU.Build.0 = Debug|Any CPU
		{624BAE77-2400-4B0A-B050-A08374754089}.Debug|x64.ActiveCfg = Debug|Any CPU
		{624BAE77-2400-4B0A-B050-A08374754089}.Debug|x64.Build.0 = Debug|Any CPU
		{624BAE77-2400-4B0A-B050-A08374754089}.Debug|x86.ActiveCfg = Debug|Any CPU
		{624BAE77-2400-4B0A-B050-A08374754089}.Debug|x86.Build.0 = Debug|Any CPU
		{624BAE77-2400-4B0A-B050-A08374754089}.Release|Any CPU.ActiveCfg = Release|Any CPU
		{624BAE77-2400-4B0A-B050-A08374754089}.Release|Any CPU.Build.0 = Release|Any CPU
		{624BAE77-2400-4B0A-B050-A08374754089}.Release|x64.ActiveCfg = Release|Any CPU
		{624BAE77-2400-4B0A-B050-A08374754089}.Release|x64.Build.0 = Release|Any CPU
		{624BAE77-2400-4B0A-B050-A08374754089}.Release|x86.ActiveCfg = Release|Any CPU
		{624BAE77-2400-4B0A-B050-A08374754089}.Release|x86.Build.0 = Release|Any CPU
	EndGlobalSection
	GlobalSection(NestedProjects) = preSolution
		{1F5FED51-CF0D-45BD-BB85-A9AA7A3192CD} = {58302259-25A7-4FD3-8653-4A2D3747C1B7}
		{013FF5FB-5001-474B-9E90-B260A163358D} = {CB6B4FE0-92A0-4EF0-A60B-88B62168CA44}
		{624BAE77-2400-4B0A-B050-A08374754089} = {58302259-25A7-4FD3-8653-4A2D3747C1B7}
	EndGlobalSection
EndGlobal
